
Microsoft Visual Studio Solution File, Format Version 12.00
# Visual Studio Version 17
VisualStudioVersion = 17.11.35327.3
MinimumVisualStudioVersion = 10.0.40219.1
Project("{FAE04EC0-301F-11D3-BF4B-00C04F79EFBC}") = "RestSharpTest", "RestSharpTest\RestSharpTest.csproj", "{3AB05A85-8F09-4A69-9456-45DE088FE609}"
EndProject
Global
	GlobalSection(SolutionConfigurationPlatforms) = preSolution
		Debug|Any CPU = Debug|Any CPU
		Release|Any CPU = Release|Any CPU
	EndGlobalSection
	GlobalSection(ProjectConfigurationPlatforms) = postSolution
		{3AB05A85-8F09-4A69-9456-45DE088FE609}.Debug|Any CPU.ActiveCfg = Debug|Any CPU
		{3AB05A85-8F09-4A69-9456-45DE088FE609}.Debug|Any CPU.Build.0 = Debug|Any CPU
		{3AB05A85-8F09-4A69-9456-45DE088FE609}.Release|Any CPU.ActiveCfg = Release|Any CPU
		{3AB05A85-8F09-4A69-9456-45DE088FE609}.Release|Any CPU.Build.0 = Release|Any CPU
	EndGlobalSection
	GlobalSection(SolutionProperties) = preSolution
		HideSolutionNode = FALSE
	EndGlobalSection
	GlobalSection(ExtensibilityGlobals) = postSolution
		SolutionGuid = {6A9F3C49-DE81-40AB-B700-16FD1F540828}
	EndGlobalSection
EndGlobal
